Microsoft Visual Studio Solution File, Format Version 12.00
# Visual Studio Version 17
VisualStudioVersion = 17.5.2.0
MinimumVisualStudioVersion = 10.0.40219.1
Project("{FAE04EC0-301F-11D3-BF4B-00C04F79EFBC}") = "visitation-backend", "visitation-backend\visitation-backend.csproj", "{EC64E4FF-F41D-A63E-DE46-B0C9148749BE}"
EndProject
Global
	GlobalSection(SolutionConfigurationPlatforms) = preSolution
		Debug|Any CPU = Debug|Any CPU
		Release|Any CPU = Release|Any CPU
	EndGlobalSection
	GlobalSection(ProjectConfigurationPlatforms) = postSolution
		{EC64E4FF-F41D-A63E-DE46-B0C9148749BE}.Debug|Any CPU.ActiveCfg = Debug|Any CPU
		{EC64E4FF-F41D-A63E-DE46-B0C9148749BE}.Debug|Any CPU.Build.0 = Debug|Any CPU
		{EC64E4FF-F41D-A63E-DE46-B0C9148749BE}.Release|Any CPU.ActiveCfg = Release|Any CPU
		{EC64E4FF-F41D-A63E-DE46-B0C9148749BE}.Release|Any CPU.Build.0 = Release|Any CPU
	EndGlobalSection
	GlobalSection(SolutionProperties) = preSolution
		HideSolutionNode = FALSE
	EndGlobalSection
	GlobalSection(ExtensibilityGlobals) = postSolution
		SolutionGuid = {EF2C514A-D55E-4A45-972D-BB6FE3F78CDF}
	EndGlobalSection
EndGlobal
